{
  "version": 4,
  "terraform_version": "1.8.0",
  "serial": 1,
  "lineage": "a1b37c14-45d1-d4ef-6b5b-684e2d45c9c7",
  "outputs": {},
  "resources": [
    {
      "mode": "data",
      "type": "http",
      "name": "api_call",
      "provider": "provider[\"registry.terraform.io/hashicorp/http\"]",
      "instances": [
        {
          "schema_version": 0,
          "attributes": {
            "body": "{\"categories\":[],\"created_at\":\"2020-01-05 13:42:25.905626\",\"icon_url\":\"https://assets.chucknorris.host/img/avatar/chuck-norris.png\",\"id\":\"pGB8vB_CTrSvLX6RAkFtgw\",\"updated_at\":\"2020-01-05 13:42:25.905626\",\"url\":\"https://api.chucknorris.io/jokes/pGB8vB_CTrSvLX6RAkFtgw\",\"value\":\"THE MOTHER OF HIS MOTHER IS THE WIFE OF CHUCK NORRIS.\"}",
            "ca_cert_pem": null,
            "id": "https://api.chucknorris.io/jokes/random",
            "insecure": null,
            "method": null,
            "request_body": null,
            "request_headers": null,
            "request_timeout_ms": null,
            "response_body": "{\"categories\":[],\"created_at\":\"2020-01-05 13:42:25.905626\",\"icon_url\":\"https://assets.chucknorris.host/img/avatar/chuck-norris.png\",\"id\":\"pGB8vB_CTrSvLX6RAkFtgw\",\"updated_at\":\"2020-01-05 13:42:25.905626\",\"url\":\"https://api.chucknorris.io/jokes/pGB8vB_CTrSvLX6RAkFtgw\",\"value\":\"THE MOTHER OF HIS MOTHER IS THE WIFE OF CHUCK NORRIS.\"}",
            "response_body_base64": "eyJjYXRlZ29yaWVzIjpbXSwiY3JlYXRlZF9hdCI6IjIwMjAtMDEtMDUgMTM6NDI6MjUuOTA1NjI2IiwiaWNvbl91cmwiOiJodHRwczovL2Fzc2V0cy5jaHVja25vcnJpcy5ob3N0L2ltZy9hdmF0YXIvY2h1Y2stbm9ycmlzLnBuZyIsImlkIjoicEdCOHZCX0NUclN2TFg2UkFrRnRndyIsInVwZGF0ZWRfYXQiOiIyMDIwLTAxLTA1IDEzOjQyOjI1LjkwNTYyNiIsInVybCI6Imh0dHBzOi8vYXBpLmNodWNrbm9ycmlzLmlvL2pva2VzL3BHQjh2Ql9DVHJTdkxYNlJBa0Z0Z3ciLCJ2YWx1ZSI6IlRIRSBNT1RIRVIgT0YgSElTIE1PVEhFUiBJUyBUSEUgV0lGRSBPRiBDSFVDSyBOT1JSSVMuIn0=",
            "response_headers": {
              "Alt-Svc": "h3=\":443\"; ma=86400",
              "Cf-Cache-Status": "DYNAMIC",
              "Cf-Ray": "874e26150b085d40-FRA",
              "Content-Type": "application/json;charset=UTF-8",
              "Date": "Mon, 15 Apr 2024 18:55:14 GMT",
              "Nel": "{\"report_to\":\"heroku-nel\",\"max_age\":3600,\"success_fraction\":0.005,\"failure_fraction\":0.05,\"response_headers\":[\"Via\"]}",
              "Report-To": "{\"group\":\"heroku-nel\",\"max_age\":3600,\"endpoints\":[{\"url\":\"https://nel.heroku.com/reports?ts=1713207314\u0026sid=812dcc77-0bd0-43b1-a5f1-b25750382959\u0026s=Khs957%2Fd6t1UcMch34f4cG9%2F252yQ6bnRD1DCN4RShg%3D\"}]}",
              "Reporting-Endpoints": "heroku-nel=https://nel.heroku.com/reports?ts=1713207314\u0026sid=812dcc77-0bd0-43b1-a5f1-b25750382959\u0026s=Khs957%2Fd6t1UcMch34f4cG9%2F252yQ6bnRD1DCN4RShg%3D",
              "Server": "cloudflare",
              "Via": "1.1 vegur"
            },
            "retry": null,
            "status_code": 200,
            "url": "https://api.chucknorris.io/jokes/random"
          },
          "sensitive_attributes": []
        }
      ]
    },
    {
      "mode": "managed",
      "type": "local_file",
      "name": "api_response",
      "provider": "provider[\"registry.terraform.io/hashicorp/local\"]",
      "instances": [
        {
          "schema_version": 0,
          "attributes": {
            "content": "{\"categories\":[],\"created_at\":\"2020-01-05 13:42:25.905626\",\"icon_url\":\"https://assets.chucknorris.host/img/avatar/chuck-norris.png\",\"id\":\"pGB8vB_CTrSvLX6RAkFtgw\",\"updated_at\":\"2020-01-05 13:42:25.905626\",\"url\":\"https://api.chucknorris.io/jokes/pGB8vB_CTrSvLX6RAkFtgw\",\"value\":\"THE MOTHER OF HIS MOTHER IS THE WIFE OF CHUCK NORRIS.\"}",
            "content_base64": null,
            "content_base64sha256": "VjSfeliY+Ghfe6fvNFHI9oir9FdDwHXTq+/wyBuOuW4=",
            "content_base64sha512": "n8xHImVNHeguEQ+e2pfr8Y/MJnV174nWjZXhitLanXlwcjAcS6V0QNdFpST/daLD0GiS9od5XjQ3qCYTQ98ngg==",
            "content_md5": "797a0b4c7794e77d3656f2168bca6029",
            "content_sha1": "4850c77329d625aa44d8731b819bf86bb5462fd0",
            "content_sha256": "56349f7a5898f8685f7ba7ef3451c8f688abf45743c075d3abeff0c81b8eb96e",
            "content_sha512": "9fcc4722654d1de82e110f9eda97ebf18fcc267575ef89d68d95e18ad2da9d797072301c4ba57440d745a524ff75a2c3d06892f687795e3437a8261343df2782",
            "directory_permission": "0777",
            "file_permission": "0777",
            "filename": "./data/response.json",
            "id": "4850c77329d625aa44d8731b819bf86bb5462fd0",
            "sensitive_content": null,
            "source": null
          },
          "sensitive_attributes": [
            [
              {
                "type": "get_attr",
                "value": "sensitive_content"
              }
            ]
          ],
          "dependencies": [
            "data.http.api_call"
          ]
        }
      ]
    }
  ],
  "check_results": null
}
