{
  "version": 4,
  "terraform_version": "1.8.0",
  "serial": 1,
  "lineage": "2a375f2f-0078-0301-833c-b8f48ea267a3",
  "outputs": {},
  "resources": [
    {
      "mode": "managed",
      "type": "archive_file",
      "name": "zip_archive",
      "provider": "provider[\"registry.terraform.io/hashicorp/archive\"]",
      "instances": [
        {
          "status": "tainted",
          "schema_version": 0,
          "attributes": {
            "exclude_symlink_directories": null,
            "excludes": null,
            "id": null,
            "output_base64sha256": null,
            "output_base64sha512": null,
            "output_file_mode": null,
            "output_md5": null,
            "output_path": "./my_archive.zip",
            "output_sha": null,
            "output_sha256": null,
            "output_sha512": null,
            "output_size": null,
            "source": [],
            "source_content": null,
            "source_content_filename": null,
            "source_dir": "./Files",
            "source_file": null,
            "type": "zip"
          },
          "sensitive_attributes": []
        }
      ]
    }
  ],
  "check_results": null
}
