{
  "version": 4,
  "terraform_version": "1.8.0",
  "serial": 4,
  "lineage": "2a375f2f-0078-0301-833c-b8f48ea267a3",
  "outputs": {},
  "resources": [
    {
      "mode": "managed",
      "type": "archive_file",
      "name": "zip_archive",
      "provider": "provider[\"registry.terraform.io/hashicorp/archive\"]",
      "instances": [
        {
          "schema_version": 0,
          "attributes": {
            "exclude_symlink_directories": null,
            "excludes": null,
            "id": "861c2fe31bf5a1cdbc900b5d00e5fd5ddff258ef",
            "output_base64sha256": "CzbI9udn9WxIGNnlYnt6I5sbRCcpuD2RgfYSpf6x9iw=",
            "output_base64sha512": "NCPY0nRdD7ULZF0xHtFXPcHph3iSG6vckQe/taGybWhVJcOJGijTBN+3J9EFZphuJ0Oj7VJ3srKt93xWaACuFA==",
            "output_file_mode": null,
            "output_md5": "8939c114250069c27e60b5d099cb3828",
            "output_path": "./my_archive.zip",
            "output_sha": "861c2fe31bf5a1cdbc900b5d00e5fd5ddff258ef",
            "output_sha256": "0b36c8f6e767f56c4818d9e5627b7a239b1b442729b83d9181f612a5feb1f62c",
            "output_sha512": "3423d8d2745d0fb50b645d311ed1573dc1e98778921babdc9107bfb5a1b26d685525c3891a28d304dfb727d10566986e2743a3ed5277b2b2adf77c566800ae14",
            "output_size": 135,
            "source": [],
            "source_content": null,
            "source_content_filename": null,
            "source_dir": "./Files",
            "source_file": null,
            "type": "zip"
          },
          "sensitive_attributes": []
        }
      ]
    }
  ],
  "check_results": null
}
