{
  "version": 4,
  "terraform_version": "1.8.0",
  "serial": 3,
  "lineage": "f83d6d33-1524-d7af-91b8-f1235d7f42c9",
  "outputs": {},
  "resources": [
    {
      "mode": "data",
      "type": "template_file",
      "name": "config",
      "provider": "provider[\"registry.terraform.io/hashicorp/template\"]",
      "instances": [
        {
          "schema_version": 0,
          "attributes": {
            "filename": null,
            "id": "e3b0c44298fc1c149afbf4c8996fb92427ae41e4649b934ca495991b7852b855",
            "rendered": "",
            "template": null,
            "vars": {
              "password": "1234",
              "user": "ons"
            }
          },
          "sensitive_attributes": []
        }
      ]
    },
    {
      "mode": "managed",
      "type": "local_file",
      "name": "config",
      "provider": "provider[\"registry.terraform.io/hashicorp/local\"]",
      "instances": [
        {
          "schema_version": 0,
          "attributes": {
            "content": "data.template_file.config",
            "content_base64": null,
            "content_base64sha256": "1zuCbmyKE0lglveQdO2CyznMW51YVpeoT43zZeIqYiA=",
            "content_base64sha512": "KXjtK/d/rIdfQnXOETCVQpVD2FN4/IfGIfKjDVCktBYmMVrvlGxpkKl+95yzckYQrCo0QWCGI7+M1YkL5PaVmg==",
            "content_md5": "36e977adc906a91e36f4ebabf704e5f9",
            "content_sha1": "f000bb21b4f247461032a3b4f74be4b51f43b7b3",
            "content_sha256": "d73b826e6c8a13496096f79074ed82cb39cc5b9d585697a84f8df365e22a6220",
            "content_sha512": "2978ed2bf77fac875f4275ce113095429543d85378fc87c621f2a30d50a4b41626315aef946c6990a97ef79cb3724610ac2a3441608623bf8cd5890be4f6959a",
            "directory_permission": "0777",
            "file_permission": "0777",
            "filename": "./config.json",
            "id": "f000bb21b4f247461032a3b4f74be4b51f43b7b3",
            "sensitive_content": null,
            "source": null
          },
          "sensitive_attributes": [
            [
              {
                "type": "get_attr",
                "value": "sensitive_content"
              }
            ]
          ]
        }
      ]
    },
    {
      "mode": "managed",
      "type": "local_file",
      "name": "config_file",
      "provider": "provider[\"registry.terraform.io/hashicorp/local\"]",
      "instances": [
        {
          "schema_version": 0,
          "attributes": {
            "content": "",
            "content_base64": null,
            "content_base64sha256": "47DEQpj8HBSa+/TImW+5JCeuQeRkm5NMpJWZG3hSuFU=",
            "content_base64sha512": "z4PhNX7vuL3xVChQ1m2AB9Yg5AULVxXcg/SpIdNs6c5H0NE8XYXysP+DGNKHfuwvY7kxvUdBeoGlODJ6+SfaPg==",
            "content_md5": "d41d8cd98f00b204e9800998ecf8427e",
            "content_sha1": "da39a3ee5e6b4b0d3255bfef95601890afd80709",
            "content_sha256": "e3b0c44298fc1c149afbf4c8996fb92427ae41e4649b934ca495991b7852b855",
            "content_sha512": "cf83e1357eefb8bdf1542850d66d8007d620e4050b5715dc83f4a921d36ce9ce47d0d13c5d85f2b0ff8318d2877eec2f63b931bd47417a81a538327af927da3e",
            "directory_permission": "0777",
            "file_permission": "0777",
            "filename": "config.json",
            "id": "da39a3ee5e6b4b0d3255bfef95601890afd80709",
            "sensitive_content": null,
            "source": null
          },
          "sensitive_attributes": [
            [
              {
                "type": "get_attr",
                "value": "sensitive_content"
              }
            ]
          ],
          "dependencies": [
            "data.template_file.config"
          ]
        }
      ]
    }
  ],
  "check_results": null
}
